
Microsoft Visual Studio Solution File, Format Version 12.00
# Visual Studio 15
VisualStudioVersion = 15.0.27428.2005
MinimumVisualStudioVersion = 10.0.40219.1
Project("{FAE04EC0-301F-11D3-BF4B-00C04F79EFBC}") = "OsuEditor", "OsuEditor\OsuEditor.csproj", "{8A8D21A0-0246-43F0-85FF-8F5B1A919C0A}"
EndProject
Global
	GlobalSection(SolutionConfigurationPlatforms) = preSolution
		Debug|Any CPU = Debug|Any CPU
		Release|Any CPU = Release|Any CPU
	EndGlobalSection
	GlobalSection(ProjectConfigurationPlatforms) = postSolution
		{8A8D21A0-0246-43F0-85FF-8F5B1A919C0A}.Debug|Any CPU.ActiveCfg = Debug|Any CPU
		{8A8D21A0-0246-43F0-85FF-8F5B1A919C0A}.Debug|Any CPU.Build.0 = Debug|Any CPU
		{8A8D21A0-0246-43F0-85FF-8F5B1A919C0A}.Release|Any CPU.ActiveCfg = Release|Any CPU
		{8A8D21A0-0246-43F0-85FF-8F5B1A919C0A}.Release|Any CPU.Build.0 = Release|Any CPU
	EndGlobalSection
	GlobalSection(SolutionProperties) = preSolution
		HideSolutionNode = FALSE
	EndGlobalSection
	GlobalSection(ExtensibilityGlobals) = postSolution
		SolutionGuid = {8DCBCED5-FD04-41D0-BEA6-1DC3106364CC}
	EndGlobalSection
EndGlobal
